{
  "version": 4,
  "terraform_version": "1.14.5",
  "serial": 14,
  "lineage": "3896e946-eea0-db8d-a425-af79b4bd5414",
  "outputs": {
    "api_url": {
      "value": "https://hikbrr7ngb.execute-api.eu-north-1.amazonaws.com",
      "type": "string"
    }
  },
  "resources": [
    {
      "mode": "data",
      "type": "archive_file",
      "name": "add_order_zip",
      "provider": "provider[\"registry.terraform.io/hashicorp/archive\"]",
      "instances": [
        {
          "schema_version": 0,
          "attributes": {
            "exclude_symlink_directories": null,
            "excludes": null,
            "id": "4628349b76518987b24d9b40734f0bdc0449c614",
            "output_base64sha256": "Xp9NGmp6OArpF1KZNasMXXy9u92FkJ7bPOTiZndH1Ik=",
            "output_base64sha512": "XIeYtOSoDog8dz4mN6kSBsX09GdVOyM6vH8GG4CSpEBWhAKlBfGi4GPuvl/MRs3dDIS9/cRuJrJkRNOeftMVnQ==",
            "output_file_mode": null,
            "output_md5": "327f8ff9f71c2dffbeb3259780c83972",
            "output_path": "./lambda/add_order.zip",
            "output_sha": "4628349b76518987b24d9b40734f0bdc0449c614",
            "output_sha256": "5e9f4d1a6a7a380ae917529935ab0c5d7cbdbbdd85909edb3ce4e2667747d489",
            "output_sha512": "5c8798b4e4a80e883c773e2637a91206c5f4f467553b233abc7f061b8092a440568402a505f1a2e063eebe5fcc46cddd0c84bdfdc46e26b26444d39e7ed3159d",
            "output_size": 491,
            "source": [],
            "source_content": null,
            "source_content_filename": null,
            "source_dir": null,
            "source_file": "./lambda/add_order.py",
            "type": "zip"
          },
          "sensitive_attributes": [],
          "identity_schema_version": 0
        }
      ]
    },
    {
      "mode": "data",
      "type": "archive_file",
      "name": "process_order_zip",
      "provider": "provider[\"registry.terraform.io/hashicorp/archive\"]",
      "instances": [
        {
          "schema_version": 0,
          "attributes": {
            "exclude_symlink_directories": null,
            "excludes": null,
            "id": "052c2436bb8bb1ba4e63cc3f881a2b521664b688",
            "output_base64sha256": "x8A3KzgPBTbq40TwaEkFD6yO+pB4auyPwYyo56jn0Cw=",
            "output_base64sha512": "UGh5LKg9UgbSNXPrx5N4Rvg+4gtKgy9OWVw+DX5nbpYsi2FuzAD+vWIOzDWyE7tRmPCmzS/EzEvAuXiam/T2jA==",
            "output_file_mode": null,
            "output_md5": "2f36948aa9c6100aabda6cf765f8f3fb",
            "output_path": "./lambda/process_order.zip",
            "output_sha": "052c2436bb8bb1ba4e63cc3f881a2b521664b688",
            "output_sha256": "c7c0372b380f0536eae344f06849050fac8efa90786aec8fc18ca8e7a8e7d02c",
            "output_sha512": "5068792ca83d5206d23573ebc7937846f83ee20b4a832f4e595c3e0d7e676e962c8b616ecc00febd620ecc35b213bb5198f0a6cd2fc4cc4bc0b9789a9bf4f68c",
            "output_size": 390,
            "source": [],
            "source_content": null,
            "source_content_filename": null,
            "source_dir": null,
            "source_file": "./lambda/process_order.py",
            "type": "zip"
          },
          "sensitive_attributes": [],
          "identity_schema_version": 0
        }
      ]
    },
    {
      "mode": "managed",
      "type": "aws_apigatewayv2_api",
      "name": "orders_api",
      "provider": "provider[\"registry.terraform.io/hashicorp/aws\"]",
      "instances": [
        {
          "schema_version": 0,
          "attributes": {
            "api_endpoint": "https://hikbrr7ngb.execute-api.eu-north-1.amazonaws.com",
            "api_key_selection_expression": "$request.header.x-api-key",
            "arn": "arn:aws:apigateway:eu-north-1::/apis/hikbrr7ngb",
            "body": null,
            "cors_configuration": [],
            "credentials_arn": null,
            "description": "",
            "disable_execute_api_endpoint": false,
            "execution_arn": "arn:aws:execute-api:eu-north-1:299349363562:hikbrr7ngb",
            "fail_on_warnings": null,
            "id": "hikbrr7ngb",
            "ip_address_type": "ipv4",
            "name": "orders-api",
            "protocol_type": "HTTP",
            "region": "eu-north-1",
            "route_key": null,
            "route_selection_expression": "$request.method $request.path",
            "tags": null,
            "tags_all": {},
            "target": null,
            "version": ""
          },
          "sensitive_attributes": [],
          "identity_schema_version": 0,
          "private": "bnVsbA=="
        }
      ]
    },
    {
      "mode": "managed",
      "type": "aws_apigatewayv2_integration",
      "name": "add_order_integration",
      "provider": "provider[\"registry.terraform.io/hashicorp/aws\"]",
      "instances": [
        {
          "schema_version": 0,
          "attributes": {
            "api_id": "hikbrr7ngb",
            "connection_id": "",
            "connection_type": "INTERNET",
            "content_handling_strategy": "",
            "credentials_arn": "",
            "description": "",
            "id": "q29gfzu",
            "integration_method": "POST",
            "integration_response_selection_expression": "",
            "integration_subtype": "",
            "integration_type": "AWS_PROXY",
            "integration_uri": "arn:aws:apigateway:eu-north-1:lambda:path/2015-03-31/functions/arn:aws:lambda:eu-north-1:299349363562:function:AddOrder/invocations",
            "passthrough_behavior": "",
            "payload_format_version": "1.0",
            "region": "eu-north-1",
            "request_parameters": null,
            "request_templates": null,
            "response_parameters": [],
            "template_selection_expression": "",
            "timeout_milliseconds": 30000,
            "tls_config": []
          },
          "sensitive_attributes": [],
          "identity_schema_version": 0,
          "private": "bnVsbA==",
          "dependencies": [
            "aws_apigatewayv2_api.orders_api",
            "aws_iam_role.lambda_role",
            "aws_lambda_function.add_order",
            "aws_sqs_queue.order_queue",
            "data.archive_file.add_order_zip"
          ]
        }
      ]
    },
    {
      "mode": "managed",
      "type": "aws_apigatewayv2_route",
      "name": "post_orders",
      "provider": "provider[\"registry.terraform.io/hashicorp/aws\"]",
      "instances": [
        {
          "schema_version": 0,
          "attributes": {
            "api_id": "hikbrr7ngb",
            "api_key_required": false,
            "authorization_scopes": null,
            "authorization_type": "NONE",
            "authorizer_id": "",
            "id": "iojnq8q",
            "model_selection_expression": "",
            "operation_name": "",
            "region": "eu-north-1",
            "request_models": null,
            "request_parameter": [],
            "route_key": "POST /orders",
            "route_response_selection_expression": "",
            "target": "integrations/q29gfzu"
          },
          "sensitive_attributes": [],
          "identity_schema_version": 0,
          "private": "bnVsbA==",
          "dependencies": [
            "aws_apigatewayv2_api.orders_api",
            "aws_apigatewayv2_integration.add_order_integration",
            "aws_iam_role.lambda_role",
            "aws_lambda_function.add_order",
            "aws_sqs_queue.order_queue",
            "data.archive_file.add_order_zip"
          ]
        }
      ]
    },
    {
      "mode": "managed",
      "type": "aws_apigatewayv2_stage",
      "name": "default",
      "provider": "provider[\"registry.terraform.io/hashicorp/aws\"]",
      "instances": [
        {
          "schema_version": 0,
          "attributes": {
            "access_log_settings": [],
            "api_id": "hikbrr7ngb",
            "arn": "arn:aws:apigateway:eu-north-1::/apis/hikbrr7ngb/stages/$default",
            "auto_deploy": true,
            "client_certificate_id": "",
            "default_route_settings": [
              {
                "data_trace_enabled": false,
                "detailed_metrics_enabled": false,
                "logging_level": "",
                "throttling_burst_limit": 0,
                "throttling_rate_limit": 0
              }
            ],
            "deployment_id": "",
            "description": "",
            "execution_arn": "arn:aws:execute-api:eu-north-1:299349363562:hikbrr7ngb/$default",
            "id": "$default",
            "invoke_url": "https://hikbrr7ngb.execute-api.eu-north-1.amazonaws.com/",
            "name": "$default",
            "region": "eu-north-1",
            "route_settings": [],
            "stage_variables": null,
            "tags": null,
            "tags_all": {}
          },
          "sensitive_attributes": [],
          "identity_schema_version": 0,
          "private": "bnVsbA==",
          "dependencies": [
            "aws_apigatewayv2_api.orders_api"
          ]
        }
      ]
    },
    {
      "mode": "managed",
      "type": "aws_iam_policy",
      "name": "sqs_access",
      "provider": "provider[\"registry.terraform.io/hashicorp/aws\"]",
      "instances": [
        {
          "schema_version": 0,
          "attributes": {
            "arn": "arn:aws:iam::299349363562:policy/lambda_sqs_access",
            "attachment_count": 0,
            "delay_after_policy_creation_in_ms": null,
            "description": "",
            "id": "arn:aws:iam::299349363562:policy/lambda_sqs_access",
            "name": "lambda_sqs_access",
            "name_prefix": "",
            "path": "/",
            "policy": "{\"Statement\":[{\"Action\":[\"sqs:SendMessage\",\"sqs:ReceiveMessage\",\"sqs:DeleteMessage\",\"sqs:GetQueueAttributes\"],\"Effect\":\"Allow\",\"Resource\":\"arn:aws:sqs:eu-north-1:299349363562:order-queue\"}],\"Version\":\"2012-10-17\"}",
            "policy_id": "ANPAULMU4ZNVBEX45DN6Q",
            "tags": null,
            "tags_all": {}
          },
          "sensitive_attributes": [],
          "identity_schema_version": 0,
          "identity": {
            "arn": "arn:aws:iam::299349363562:policy/lambda_sqs_access"
          },
          "private": "bnVsbA==",
          "dependencies": [
            "aws_sqs_queue.order_queue"
          ]
        }
      ]
    },
    {
      "mode": "managed",
      "type": "aws_iam_role",
      "name": "lambda_role",
      "provider": "provider[\"registry.terraform.io/hashicorp/aws\"]",
      "instances": [
        {
          "schema_version": 0,
          "attributes": {
            "arn": "arn:aws:iam::299349363562:role/lambda_execution_role",
            "assume_role_policy": "{\"Statement\":[{\"Action\":\"sts:AssumeRole\",\"Effect\":\"Allow\",\"Principal\":{\"Service\":\"lambda.amazonaws.com\"}}],\"Version\":\"2012-10-17\"}",
            "create_date": "2026-02-25T11:39:08Z",
            "description": "",
            "force_detach_policies": false,
            "id": "lambda_execution_role",
            "inline_policy": [],
            "managed_policy_arns": [],
            "max_session_duration": 3600,
            "name": "lambda_execution_role",
            "name_prefix": "",
            "path": "/",
            "permissions_boundary": "",
            "tags": null,
            "tags_all": {},
            "unique_id": "AROAULMU4ZNVHCRWVBUZG"
          },
          "sensitive_attributes": [],
          "identity_schema_version": 0,
          "identity": {
            "account_id": "299349363562",
            "name": "lambda_execution_role"
          },
          "private": "bnVsbA=="
        }
      ]
    },
    {
      "mode": "managed",
      "type": "aws_iam_role_policy_attachment",
      "name": "lambda_basic",
      "provider": "provider[\"registry.terraform.io/hashicorp/aws\"]",
      "instances": [
        {
          "schema_version": 0,
          "attributes": {
            "id": "lambda_execution_role/arn:aws:iam::aws:policy/service-role/AWSLambdaBasicExecutionRole",
            "policy_arn": "arn:aws:iam::aws:policy/service-role/AWSLambdaBasicExecutionRole",
            "role": "lambda_execution_role"
          },
          "sensitive_attributes": [],
          "identity_schema_version": 0,
          "identity": {
            "account_id": "299349363562",
            "policy_arn": "arn:aws:iam::aws:policy/service-role/AWSLambdaBasicExecutionRole",
            "role": "lambda_execution_role"
          },
          "private": "bnVsbA==",
          "dependencies": [
            "aws_iam_role.lambda_role"
          ]
        }
      ]
    },
    {
      "mode": "managed",
      "type": "aws_iam_role_policy_attachment",
      "name": "lambda_sqs_attach",
      "provider": "provider[\"registry.terraform.io/hashicorp/aws\"]",
      "instances": [
        {
          "schema_version": 0,
          "attributes": {
            "id": "lambda_execution_role/arn:aws:iam::299349363562:policy/lambda_sqs_access",
            "policy_arn": "arn:aws:iam::299349363562:policy/lambda_sqs_access",
            "role": "lambda_execution_role"
          },
          "sensitive_attributes": [],
          "identity_schema_version": 0,
          "identity": {
            "account_id": "299349363562",
            "policy_arn": "arn:aws:iam::299349363562:policy/lambda_sqs_access",
            "role": "lambda_execution_role"
          },
          "private": "bnVsbA==",
          "dependencies": [
            "aws_iam_policy.sqs_access",
            "aws_iam_role.lambda_role",
            "aws_sqs_queue.order_queue"
          ]
        }
      ]
    },
    {
      "mode": "managed",
      "type": "aws_lambda_event_source_mapping",
      "name": "sqs_trigger",
      "provider": "provider[\"registry.terraform.io/hashicorp/aws\"]",
      "instances": [
        {
          "schema_version": 0,
          "attributes": {
            "amazon_managed_kafka_event_source_config": [],
            "arn": "arn:aws:lambda:eu-north-1:299349363562:event-source-mapping:2fd1fff1-027f-449b-b7e6-ff40a49dcfbc",
            "batch_size": 1,
            "bisect_batch_on_function_error": false,
            "destination_config": [],
            "document_db_event_source_config": [],
            "enabled": true,
            "event_source_arn": "arn:aws:sqs:eu-north-1:299349363562:order-queue",
            "filter_criteria": [],
            "function_arn": "arn:aws:lambda:eu-north-1:299349363562:function:ProcessOrder",
            "function_name": "arn:aws:lambda:eu-north-1:299349363562:function:ProcessOrder",
            "function_response_types": null,
            "id": "2fd1fff1-027f-449b-b7e6-ff40a49dcfbc",
            "kms_key_arn": "",
            "last_modified": "2026-02-25T11:39:43Z",
            "last_processing_result": "",
            "maximum_batching_window_in_seconds": 0,
            "maximum_record_age_in_seconds": 0,
            "maximum_retry_attempts": 0,
            "metrics_config": [],
            "parallelization_factor": 0,
            "provisioned_poller_config": [],
            "queues": null,
            "region": "eu-north-1",
            "scaling_config": [],
            "self_managed_event_source": [],
            "self_managed_kafka_event_source_config": [],
            "source_access_configuration": [],
            "starting_position": "",
            "starting_position_timestamp": "",
            "state": "Enabled",
            "state_transition_reason": "USER_INITIATED",
            "tags": null,
            "tags_all": {},
            "topics": null,
            "tumbling_window_in_seconds": 0,
            "uuid": "2fd1fff1-027f-449b-b7e6-ff40a49dcfbc"
          },
          "sensitive_attributes": [],
          "identity_schema_version": 0,
          "private": "bnVsbA==",
          "dependencies": [
            "aws_iam_role.lambda_role",
            "aws_lambda_function.process_order",
            "aws_sqs_queue.order_queue",
            "data.archive_file.process_order_zip"
          ]
        }
      ]
    },
    {
      "mode": "managed",
      "type": "aws_lambda_function",
      "name": "add_order",
      "provider": "provider[\"registry.terraform.io/hashicorp/aws\"]",
      "instances": [
        {
          "schema_version": 0,
          "attributes": {
            "architectures": [
              "x86_64"
            ],
            "arn": "arn:aws:lambda:eu-north-1:299349363562:function:AddOrder",
            "capacity_provider_config": [],
            "code_sha256": "Xp9NGmp6OArpF1KZNasMXXy9u92FkJ7bPOTiZndH1Ik=",
            "code_signing_config_arn": "",
            "dead_letter_config": [],
            "description": "",
            "durable_config": [],
            "environment": [
              {
                "variables": {
                  "QUEUE_URL": "https://sqs.eu-north-1.amazonaws.com/299349363562/order-queue"
                }
              }
            ],
            "ephemeral_storage": [
              {
                "size": 512
              }
            ],
            "file_system_config": [],
            "filename": "./lambda/add_order.zip",
            "function_name": "AddOrder",
            "handler": "add_order.lambda_handler",
            "id": "AddOrder",
            "image_config": [],
            "image_uri": "",
            "invoke_arn": "arn:aws:apigateway:eu-north-1:lambda:path/2015-03-31/functions/arn:aws:lambda:eu-north-1:299349363562:function:AddOrder/invocations",
            "kms_key_arn": "",
            "last_modified": "2026-02-25T11:39:34.733+0000",
            "layers": null,
            "logging_config": [
              {
                "application_log_level": "",
                "log_format": "Text",
                "log_group": "/aws/lambda/AddOrder",
                "system_log_level": ""
              }
            ],
            "memory_size": 128,
            "package_type": "Zip",
            "publish": false,
            "publish_to": null,
            "qualified_arn": "arn:aws:lambda:eu-north-1:299349363562:function:AddOrder:$LATEST",
            "qualified_invoke_arn": "arn:aws:apigateway:eu-north-1:lambda:path/2015-03-31/functions/arn:aws:lambda:eu-north-1:299349363562:function:AddOrder:$LATEST/invocations",
            "region": "eu-north-1",
            "replace_security_groups_on_destroy": null,
            "replacement_security_group_ids": null,
            "reserved_concurrent_executions": -1,
            "response_streaming_invoke_arn": "arn:aws:apigateway:eu-north-1:lambda:path/2021-11-15/functions/arn:aws:lambda:eu-north-1:299349363562:function:AddOrder/response-streaming-invocations",
            "role": "arn:aws:iam::299349363562:role/lambda_execution_role",
            "runtime": "python3.11",
            "s3_bucket": null,
            "s3_key": null,
            "s3_object_version": null,
            "signing_job_arn": "",
            "signing_profile_version_arn": "",
            "skip_destroy": false,
            "snap_start": [],
            "source_code_hash": "",
            "source_code_size": 491,
            "source_kms_key_arn": "",
            "tags": null,
            "tags_all": {},
            "tenancy_config": [],
            "timeout": 3,
            "timeouts": null,
            "tracing_config": [
              {
                "mode": "PassThrough"
              }
            ],
            "version": "$LATEST",
            "vpc_config": []
          },
          "sensitive_attributes": [],
          "identity_schema_version": 0,
          "identity": {
            "account_id": "299349363562",
            "function_name": "AddOrder",
            "region": "eu-north-1"
          },
          "private": "eyJlMmJmYjczMC1lY2FhLTExZTYtOGY4OC0zNDM2M2JjN2M0YzAiOnsiY3JlYXRlIjo2MDAwMDAwMDAwMDAsImRlbGV0ZSI6NjAwMDAwMDAwMDAwLCJ1cGRhdGUiOjYwMDAwMDAwMDAwMH19",
          "dependencies": [
            "aws_iam_role.lambda_role",
            "aws_sqs_queue.order_queue",
            "data.archive_file.add_order_zip"
          ]
        }
      ]
    },
    {
      "mode": "managed",
      "type": "aws_lambda_function",
      "name": "process_order",
      "provider": "provider[\"registry.terraform.io/hashicorp/aws\"]",
      "instances": [
        {
          "schema_version": 0,
          "attributes": {
            "architectures": [
              "x86_64"
            ],
            "arn": "arn:aws:lambda:eu-north-1:299349363562:function:ProcessOrder",
            "capacity_provider_config": [],
            "code_sha256": "x8A3KzgPBTbq40TwaEkFD6yO+pB4auyPwYyo56jn0Cw=",
            "code_signing_config_arn": "",
            "dead_letter_config": [],
            "description": "",
            "durable_config": [],
            "environment": [],
            "ephemeral_storage": [
              {
                "size": 512
              }
            ],
            "file_system_config": [],
            "filename": "./lambda/process_order.zip",
            "function_name": "ProcessOrder",
            "handler": "process_order.lambda_handler",
            "id": "ProcessOrder",
            "image_config": [],
            "image_uri": "",
            "invoke_arn": "arn:aws:apigateway:eu-north-1:lambda:path/2015-03-31/functions/arn:aws:lambda:eu-north-1:299349363562:function:ProcessOrder/invocations",
            "kms_key_arn": "",
            "last_modified": "2026-02-25T11:39:18.914+0000",
            "layers": null,
            "logging_config": [
              {
                "application_log_level": "",
                "log_format": "Text",
                "log_group": "/aws/lambda/ProcessOrder",
                "system_log_level": ""
              }
            ],
            "memory_size": 128,
            "package_type": "Zip",
            "publish": false,
            "publish_to": null,
            "qualified_arn": "arn:aws:lambda:eu-north-1:299349363562:function:ProcessOrder:$LATEST",
            "qualified_invoke_arn": "arn:aws:apigateway:eu-north-1:lambda:path/2015-03-31/functions/arn:aws:lambda:eu-north-1:299349363562:function:ProcessOrder:$LATEST/invocations",
            "region": "eu-north-1",
            "replace_security_groups_on_destroy": null,
            "replacement_security_group_ids": null,
            "reserved_concurrent_executions": -1,
            "response_streaming_invoke_arn": "arn:aws:apigateway:eu-north-1:lambda:path/2021-11-15/functions/arn:aws:lambda:eu-north-1:299349363562:function:ProcessOrder/response-streaming-invocations",
            "role": "arn:aws:iam::299349363562:role/lambda_execution_role",
            "runtime": "python3.11",
            "s3_bucket": null,
            "s3_key": null,
            "s3_object_version": null,
            "signing_job_arn": "",
            "signing_profile_version_arn": "",
            "skip_destroy": false,
            "snap_start": [],
            "source_code_hash": "",
            "source_code_size": 390,
            "source_kms_key_arn": "",
            "tags": null,
            "tags_all": {},
            "tenancy_config": [],
            "timeout": 3,
            "timeouts": null,
            "tracing_config": [
              {
                "mode": "PassThrough"
              }
            ],
            "version": "$LATEST",
            "vpc_config": []
          },
          "sensitive_attributes": [],
          "identity_schema_version": 0,
          "identity": {
            "account_id": "299349363562",
            "function_name": "ProcessOrder",
            "region": "eu-north-1"
          },
          "private": "eyJlMmJmYjczMC1lY2FhLTExZTYtOGY4OC0zNDM2M2JjN2M0YzAiOnsiY3JlYXRlIjo2MDAwMDAwMDAwMDAsImRlbGV0ZSI6NjAwMDAwMDAwMDAwLCJ1cGRhdGUiOjYwMDAwMDAwMDAwMH19",
          "dependencies": [
            "aws_iam_role.lambda_role",
            "data.archive_file.process_order_zip"
          ]
        }
      ]
    },
    {
      "mode": "managed",
      "type": "aws_lambda_permission",
      "name": "api_gw_permission",
      "provider": "provider[\"registry.terraform.io/hashicorp/aws\"]",
      "instances": [
        {
          "schema_version": 0,
          "attributes": {
            "action": "lambda:InvokeFunction",
            "event_source_token": null,
            "function_name": "AddOrder",
            "function_url_auth_type": null,
            "id": "AllowAPIGatewayInvoke",
            "invoked_via_function_url": null,
            "principal": "apigateway.amazonaws.com",
            "principal_org_id": null,
            "qualifier": "",
            "region": "eu-north-1",
            "source_account": null,
            "source_arn": null,
            "statement_id": "AllowAPIGatewayInvoke",
            "statement_id_prefix": ""
          },
          "sensitive_attributes": [],
          "identity_schema_version": 0,
          "identity": {
            "account_id": "299349363562",
            "function_name": "AddOrder",
            "qualifier": null,
            "region": "eu-north-1",
            "statement_id": "AllowAPIGatewayInvoke"
          },
          "private": "bnVsbA==",
          "dependencies": [
            "aws_iam_role.lambda_role",
            "aws_lambda_function.add_order",
            "aws_sqs_queue.order_queue",
            "data.archive_file.add_order_zip"
          ]
        }
      ]
    },
    {
      "mode": "managed",
      "type": "aws_sqs_queue",
      "name": "order_queue",
      "provider": "provider[\"registry.terraform.io/hashicorp/aws\"]",
      "instances": [
        {
          "schema_version": 0,
          "attributes": {
            "arn": "arn:aws:sqs:eu-north-1:299349363562:order-queue",
            "content_based_deduplication": false,
            "deduplication_scope": "",
            "delay_seconds": 0,
            "fifo_queue": false,
            "fifo_throughput_limit": "",
            "id": "https://sqs.eu-north-1.amazonaws.com/299349363562/order-queue",
            "kms_data_key_reuse_period_seconds": 300,
            "kms_master_key_id": "",
            "max_message_size": 262144,
            "message_retention_seconds": 345600,
            "name": "order-queue",
            "name_prefix": "",
            "policy": "",
            "receive_wait_time_seconds": 0,
            "redrive_allow_policy": "",
            "redrive_policy": "",
            "region": "eu-north-1",
            "sqs_managed_sse_enabled": true,
            "tags": null,
            "tags_all": {},
            "timeouts": null,
            "url": "https://sqs.eu-north-1.amazonaws.com/299349363562/order-queue",
            "visibility_timeout_seconds": 30
          },
          "sensitive_attributes": [],
          "identity_schema_version": 1,
          "identity": {
            "url": "https://sqs.eu-north-1.amazonaws.com/299349363562/order-queue"
          },
          "private": "eyJlMmJmYjczMC1lY2FhLTExZTYtOGY4OC0zNDM2M2JjN2M0YzAiOnsiY3JlYXRlIjoxODAwMDAwMDAwMDAsImRlbGV0ZSI6MTgwMDAwMDAwMDAwLCJ1cGRhdGUiOjE4MDAwMDAwMDAwMH19"
        }
      ]
    }
  ],
  "check_results": null
}
